// !$*UTF8*$!
{
	archiveVersion = 1;
	classes = {
	};
	objectVersion = 46;
	objects = {

/* Begin PBXBuildFile section */
		06860B251CD9CECF00E489EF /* CSV.swift in Sources */ = {isa = PBXBuildFile; fileRef = 06860B241CD9CECF00E489EF /* CSV.swift */; };
		06860B271CD9D53700E489EF /* pokemonsolid.ttf in Resources */ = {isa = PBXBuildFile; fileRef = 06860B261CD9D53700E489EF /* pokemonsolid.ttf */; };
		06860B291CD9DDB000E489EF /* music.mp3 in Resources */ = {isa = PBXBuildFile; fileRef = 06860B281CD9DDB000E489EF /* music.mp3 */; };
		06860B2B1CDA00F200E489EF /* PokemonDetailsViewController.swift in Sources */ = {isa = PBXBuildFile; fileRef = 06860B2A1CDA00F200E489EF /* PokemonDetailsViewController.swift */; };
		0699997D1CD8E9E900E74DAD /* AppDelegate.swift in Sources */ = {isa = PBXBuildFile; fileRef = 0699997C1CD8E9E900E74DAD /* AppDelegate.swift */; };
		0699997F1CD8E9E900E74DAD /* ViewController.swift in Sources */ = {isa = PBXBuildFile; fileRef = 0699997E1CD8E9E900E74DAD /* ViewController.swift */; };
		069999821CD8E9E900E74DAD /* Main.storyboard in Resources */ = {isa = PBXBuildFile; fileRef = 069999801CD8E9E900E74DAD /* Main.storyboard */; };
		069999841CD8E9E900E74DAD /* Assets.xcassets in Resources */ = {isa = PBXBuildFile; fileRef = 069999831CD8E9E900E74DAD /* Assets.xcassets */; };
		069999871CD8E9E900E74DAD /* LaunchScreen.storyboard in Resources */ = {isa = PBXBuildFile; fileRef = 069999851CD8E9E900E74DAD /* LaunchScreen.storyboard */; };
		0699998F1CD8F2AE00E74DAD /* pokemon.csv in Resources */ = {isa = PBXBuildFile; fileRef = 0699998E1CD8F2AE00E74DAD /* pokemon.csv */; };
		069999921CD8F63000E74DAD /* Pokemon.swift in Sources */ = {isa = PBXBuildFile; fileRef = 069999911CD8F63000E74DAD /* Pokemon.swift */; };
		069999971CD913CD00E74DAD /* PokemonCell.swift in Sources */ = {isa = PBXBuildFile; fileRef = 069999961CD913CD00E74DAD /* PokemonCell.swift */; };
/* End PBXBuildFile section */

/* Begin PBXFileReference section */
		06860B241CD9CECF00E489EF /* CSV.swift */ = {isa = PBXFileReference; fileEncoding = 4; lastKnownFileType = sourcecode.swift; path = CSV.swift; sourceTree = "<group>"; };
		06860B261CD9D53700E489EF /* pokemonsolid.ttf */ = {isa = PBXFileReference; lastKnownFileType = file; path = pokemonsolid.ttf; sourceTree = "<group>"; };
		06860B281CD9DDB000E489EF /* music.mp3 */ = {isa = PBXFileReference; lastKnownFileType = audio.mp3; path = music.mp3; sourceTree = "<group>"; };
		06860B2A1CDA00F200E489EF /* PokemonDetailsViewController.swift */ = {isa = PBXFileReference; fileEncoding = 4; lastKnownFileType = sourcecode.swift; path = PokemonDetailsViewController.swift; sourceTree = "<group>"; };
		069999791CD8E9E900E74DAD /* pokedex.app */ = {isa = PBXFileReference; explicitFileType = wrapper.application; includeInIndex = 0; path = pokedex.app; sourceTree = BUILT_PRODUCTS_DIR; };
		0699997C1CD8E9E900E74DAD /* AppDelegate.swift */ = {isa = PBXFileReference; lastKnownFileType = sourcecode.swift; path = AppDelegate.swift; sourceTree = "<group>"; };
		0699997E1CD8E9E900E74DAD /* ViewController.swift */ = {isa = PBXFileReference; lastKnownFileType = sourcecode.swift; path = ViewController.swift; sourceTree = "<group>"; };
		069999811CD8E9E900E74DAD /* Base */ = {isa = PBXFileReference; lastKnownFileType = file.storyboard; name = Base; path = Base.lproj/Main.storyboard; sourceTree = "<group>"; };
		069999831CD8E9E900E74DAD /* Assets.xcassets */ = {isa = PBXFileReference; lastKnownFileType = folder.assetcatalog; path = Assets.xcassets; sourceTree = "<group>"; };
		069999861CD8E9E900E74DAD /* Base */ = {isa = PBXFileReference; lastKnownFileType = file.storyboard; name = Base; path = Base.lproj/LaunchScreen.storyboard; sourceTree = "<group>"; };
		069999881CD8E9E900E74DAD /* Info.plist */ = {isa = PBXFileReference; lastKnownFileType = text.plist.xml; path = Info.plist; sourceTree = "<group>"; };
		0699998E1CD8F2AE00E74DAD /* pokemon.csv */ = {isa = PBXFileReference; fileEncoding = 4; lastKnownFileType = text; path = pokemon.csv; sourceTree = "<group>"; };
		069999911CD8F63000E74DAD /* Pokemon.swift */ = {isa = PBXFileReference; fileEncoding = 4; lastKnownFileType = sourcecode.swift; path = Pokemon.swift; sourceTree = "<group>"; };
		069999961CD913CD00E74DAD /* PokemonCell.swift */ = {isa = PBXFileReference; fileEncoding = 4; lastKnownFileType = sourcecode.swift; path = PokemonCell.swift; sourceTree = "<group>"; };
/* End PBXFileReference section */

/* Begin PBXFrameworksBuildPhase section */
		069999761CD8E9E900E74DAD /* Frameworks */ = {
			isa = PBXFrameworksBuildPhase;
			buildActionMask = 2147483647;
			files = (
			);
			runOnlyForDeploymentPostprocessing = 0;
		};
/* End PBXFrameworksBuildPhase section */

/* Begin PBXGroup section */
		069999701CD8E9E900E74DAD = {
			isa = PBXGroup;
			children = (
				0699997B1CD8E9E900E74DAD /* pokedex */,
				0699997A1CD8E9E900E74DAD /* Products */,
			);
			sourceTree = "<group>";
		};
		0699997A1CD8E9E900E74DAD /* Products */ = {
			isa = PBXGroup;
			children = (
				069999791CD8E9E900E74DAD /* pokedex.app */,
			);
			name = Products;
			sourceTree = "<group>";
		};
		0699997B1CD8E9E900E74DAD /* pokedex */ = {
			isa = PBXGroup;
			children = (
				069999901CD8F61F00E74DAD /* Model */,
				069999931CD9136200E74DAD /* View */,
				0699999A1CD91FF000E74DAD /* Controller */,
				0699999B1CD91FFB00E74DAD /* Utility */,
				0699999C1CD9202A00E74DAD /* Resources */,
				069999801CD8E9E900E74DAD /* Main.storyboard */,
				069999851CD8E9E900E74DAD /* LaunchScreen.storyboard */,
				069999831CD8E9E900E74DAD /* Assets.xcassets */,
				0699997C1CD8E9E900E74DAD /* AppDelegate.swift */,
				069999881CD8E9E900E74DAD /* Info.plist */,
			);
			path = pokedex;
			sourceTree = "<group>";
		};
		069999901CD8F61F00E74DAD /* Model */ = {
			isa = PBXGroup;
			children = (
				069999911CD8F63000E74DAD /* Pokemon.swift */,
			);
			name = Model;
			sourceTree = "<group>";
		};
		069999931CD9136200E74DAD /* View */ = {
			isa = PBXGroup;
			children = (
				069999961CD913CD00E74DAD /* PokemonCell.swift */,
			);
			name = View;
			sourceTree = "<group>";
		};
		0699999A1CD91FF000E74DAD /* Controller */ = {
			isa = PBXGroup;
			children = (
				0699997E1CD8E9E900E74DAD /* ViewController.swift */,
				06860B2A1CDA00F200E489EF /* PokemonDetailsViewController.swift */,
			);
			name = Controller;
			sourceTree = "<group>";
		};
		0699999B1CD91FFB00E74DAD /* Utility */ = {
			isa = PBXGroup;
			children = (
				06860B241CD9CECF00E489EF /* CSV.swift */,
			);
			name = Utility;
			sourceTree = "<group>";
		};
		0699999C1CD9202A00E74DAD /* Resources */ = {
			isa = PBXGroup;
			children = (
				06860B281CD9DDB000E489EF /* music.mp3 */,
				06860B261CD9D53700E489EF /* pokemonsolid.ttf */,
				0699998E1CD8F2AE00E74DAD /* pokemon.csv */,
			);
			name = Resources;
			sourceTree = "<group>";
		};
/* End PBXGroup section */

/* Begin PBXNativeTarget section */
		069999781CD8E9E900E74DAD /* pokedex */ = {
			isa = PBXNativeTarget;
			buildConfigurationList = 0699998B1CD8E9E900E74DAD /* Build configuration list for PBXNativeTarget "pokedex" */;
			buildPhases = (
				069999751CD8E9E900E74DAD /* Sources */,
				069999761CD8E9E900E74DAD /* Frameworks */,
				069999771CD8E9E900E74DAD /* Resources */,
			);
			buildRules = (
			);
			dependencies = (
			);
			name = pokedex;
			productName = pokedex;
			productReference = 069999791CD8E9E900E74DAD /* pokedex.app */;
			productType = "com.apple.product-type.application";
		};
/* End PBXNativeTarget section */

/* Begin PBXProject section */
		069999711CD8E9E900E74DAD /* Project object */ = {
			isa = PBXProject;
			attributes = {
				LastSwiftUpdateCheck = 0730;
				LastUpgradeCheck = 0730;
				ORGANIZATIONNAME = "Hans Hazairi";
				TargetAttributes = {
					069999781CD8E9E900E74DAD = {
						CreatedOnToolsVersion = 7.3;
					};
				};
			};
			buildConfigurationList = 069999741CD8E9E900E74DAD /* Build configuration list for PBXProject "pokedex" */;
			compatibilityVersion = "Xcode 3.2";
			developmentRegion = English;
			hasScannedForEncodings = 0;
			knownRegions = (
				en,
				Base,
			);
			mainGroup = 069999701CD8E9E900E74DAD;
			productRefGroup = 0699997A1CD8E9E900E74DAD /* Products */;
			projectDirPath = "";
			projectRoot = "";
			targets = (
				069999781CD8E9E900E74DAD /* pokedex */,
			);
		};
/* End PBXProject section */

/* Begin PBXResourcesBuildPhase section */
		069999771CD8E9E900E74DAD /* Resources */ = {
			isa = PBXResourcesBuildPhase;
			buildActionMask = 2147483647;
			files = (
				06860B271CD9D53700E489EF /* pokemonsolid.ttf in Resources */,
				069999871CD8E9E900E74DAD /* LaunchScreen.storyboard in Resources */,
				06860B291CD9DDB000E489EF /* music.mp3 in Resources */,
				069999841CD8E9E900E74DAD /* Assets.xcassets in Resources */,
				0699998F1CD8F2AE00E74DAD /* pokemon.csv in Resources */,
				069999821CD8E9E900E74DAD /* Main.storyboard in Resources */,
			);
			runOnlyForDeploymentPostprocessing = 0;
		};
/* End PBXResourcesBuildPhase section */

/* Begin PBXSourcesBuildPhase section */
		069999751CD8E9E900E74DAD /* Sources */ = {
			isa = PBXSourcesBuildPhase;
			buildActionMask = 2147483647;
			files = (
				0699997F1CD8E9E900E74DAD /* ViewController.swift in Sources */,
				069999971CD913CD00E74DAD /* PokemonCell.swift in Sources */,
				06860B251CD9CECF00E489EF /* CSV.swift in Sources */,
				0699997D1CD8E9E900E74DAD /* AppDelegate.swift in Sources */,
				069999921CD8F63000E74DAD /* Pokemon.swift in Sources */,
				06860B2B1CDA00F200E489EF /* PokemonDetailsViewController.swift in Sources */,
			);
			runOnlyForDeploymentPostprocessing = 0;
		};
/* End PBXSourcesBuildPhase section */

/* Begin PBXVariantGroup section */
		069999801CD8E9E900E74DAD /* Main.storyboard */ = {
			isa = PBXVariantGroup;
			children = (
				069999811CD8E9E900E74DAD /* Base */,
			);
			name = Main.storyboard;
			sourceTree = "<group>";
		};
		069999851CD8E9E900E74DAD /* LaunchScreen.storyboard */ = {
			isa = PBXVariantGroup;
			children = (
				069999861CD8E9E900E74DAD /* Base */,
			);
			name = LaunchScreen.storyboard;
			sourceTree = "<group>";
		};
/* End PBXVariantGroup section */

/* Begin XCBuildConfiguration section */
		069999891CD8E9E900E74DAD /* Debug */ = {
			isa = XCBuildConfiguration;
			buildSettings = {
				ALWAYS_SEARCH_USER_PATHS = NO;
				CLANG_ANALYZER_NONNULL = YES;
				CLANG_CXX_LANGUAGE_STANDARD = "gnu++0x";
				CLANG_CXX_LIBRARY = "libc++";
				CLANG_ENABLE_MODULES = YES;
				CLANG_ENABLE_OBJC_ARC = YES;
				CLANG_WARN_BOOL_CONVERSION = YES;
				CLANG_WARN_CONSTANT_CONVERSION = YES;
				CLANG_WARN_DIRECT_OBJC_ISA_USAGE = YES_ERROR;
				CLANG_WARN_EMPTY_BODY = YES;
				CLANG_WARN_ENUM_CONVERSION = YES;
				CLANG_WARN_INT_CONVERSION = YES;
				CLANG_WARN_OBJC_ROOT_CLASS = YES_ERROR;
				CLANG_WARN_UNREACHABLE_CODE = YES;
				CLANG_WARN__DUPLICATE_METHOD_MATCH = YES;
				"CODE_SIGN_IDENTITY[sdk=iphoneos*]" = "iPhone Developer";
				COPY_PHASE_STRIP = NO;
				DEBUG_INFORMATION_FORMAT = dwarf;
				ENABLE_STRICT_OBJC_MSGSEND = YES;
				ENABLE_TESTABILITY = YES;
				GCC_C_LANGUAGE_STANDARD = gnu99;
				GCC_DYNAMIC_NO_PIC = NO;
				GCC_NO_COMMON_BLOCKS = YES;
				GCC_OPTIMIZATION_LEVEL = 0;
				GCC_PREPROCESSOR_DEFINITIONS = (
					"DEBUG=1",
					"$(inherited)",
				);
				GCC_WARN_64_TO_32_BIT_CONVERSION = YES;
				GCC_WARN_ABOUT_RETURN_TYPE = YES_ERROR;
				GCC_WARN_UNDECLARED_SELECTOR = YES;
				GCC_WARN_UNINITIALIZED_AUTOS = YES_AGGRESSIVE;
				GCC_WARN_UNUSED_FUNCTION = YES;
				GCC_WARN_UNUSED_VARIABLE = YES;
				IPHONEOS_DEPLOYMENT_TARGET = 9.3;
				MTL_ENABLE_DEBUG_INFO = YES;
				ONLY_ACTIVE_ARCH = YES;
				SDKROOT = iphoneos;
				SWIFT_OPTIMIZATION_LEVEL = "-Onone";
				TARGETED_DEVICE_FAMILY = "1,2";
			};
			name = Debug;
		};
		0699998A1CD8E9E900E74DAD /* Release */ = {
			isa = XCBuildConfiguration;
			buildSettings = {
				ALWAYS_SEARCH_USER_PATHS = NO;
				CLANG_ANALYZER_NONNULL = YES;
				CLANG_CXX_LANGUAGE_STANDARD = "gnu++0x";
				CLANG_CXX_LIBRARY = "libc++";
				CLANG_ENABLE_MODULES = YES;
				CLANG_ENABLE_OBJC_ARC = YES;
				CLANG_WARN_BOOL_CONVERSION = YES;
				CLANG_WARN_CONSTANT_CONVERSION = YES;
				CLANG_WARN_DIRECT_OBJC_ISA_USAGE = YES_ERROR;
				CLANG_WARN_EMPTY_BODY = YES;
				CLANG_WARN_ENUM_CONVERSION = YES;
				CLANG_WARN_INT_CONVERSION = YES;
				CLANG_WARN_OBJC_ROOT_CLASS = YES_ERROR;
				CLANG_WARN_UNREACHABLE_CODE = YES;
				CLANG_WARN__DUPLICATE_METHOD_MATCH = YES;
				"CODE_SIGN_IDENTITY[sdk=iphoneos*]" = "iPhone Developer";
				COPY_PHASE_STRIP = NO;
				DEBUG_INFORMATION_FORMAT = "dwarf-with-dsym";
				ENABLE_NS_ASSERTIONS = NO;
				ENABLE_STRICT_OBJC_MSGSEND = YES;
				GCC_C_LANGUAGE_STANDARD = gnu99;
				GCC_NO_COMMON_BLOCKS = YES;
				GCC_WARN_64_TO_32_BIT_CONVERSION = YES;
				GCC_WARN_ABOUT_RETURN_TYPE = YES_ERROR;
				GCC_WARN_UNDECLARED_SELECTOR = YES;
				GCC_WARN_UNINITIALIZED_AUTOS = YES_AGGRESSIVE;
				GCC_WARN_UNUSED_FUNCTION = YES;
				GCC_WARN_UNUSED_VARIABLE = YES;
				IPHONEOS_DEPLOYMENT_TARGET = 9.3;
				MTL_ENABLE_DEBUG_INFO = NO;
				SDKROOT = iphoneos;
				TARGETED_DEVICE_FAMILY = "1,2";
				VALIDATE_PRODUCT = YES;
			};
			name = Release;
		};
		0699998C1CD8E9E900E74DAD /* Debug */ = {
			isa = XCBuildConfiguration;
			buildSettings = {
				ASSETCATALOG_COMPILER_APPICON_NAME = AppIcon;
				INFOPLIST_FILE = pokedex/Info.plist;
				LD_RUNPATH_SEARCH_PATHS = "$(inherited) @executable_path/Frameworks";
				PRODUCT_BUNDLE_IDENTIFIER = hanshazairi.pokedex;
				PRODUCT_NAME = "$(TARGET_NAME)";
			};
			name = Debug;
		};
		0699998D1CD8E9E900E74DAD /* Release */ = {
			isa = XCBuildConfiguration;
			buildSettings = {
				ASSETCATALOG_COMPILER_APPICON_NAME = AppIcon;
				INFOPLIST_FILE = pokedex/Info.plist;
				LD_RUNPATH_SEARCH_PATHS = "$(inherited) @executable_path/Frameworks";
				PRODUCT_BUNDLE_IDENTIFIER = hanshazairi.pokedex;
				PRODUCT_NAME = "$(TARGET_NAME)";
			};
			name = Release;
		};
/* End XCBuildConfiguration section */

/* Begin XCConfigurationList section */
		069999741CD8E9E900E74DAD /* Build configuration list for PBXProject "pokedex" */ = {
			isa = XCConfigurationList;
			buildConfigurations = (
				069999891CD8E9E900E74DAD /* Debug */,
				0699998A1CD8E9E900E74DAD /* Release */,
			);
			defaultConfigurationIsVisible = 0;
			defaultConfigurationName = Release;
		};
		0699998B1CD8E9E900E74DAD /* Build configuration list for PBXNativeTarget "pokedex" */ = {
			isa = XCConfigurationList;
			buildConfigurations = (
				0699998C1CD8E9E900E74DAD /* Debug */,
				0699998D1CD8E9E900E74DAD /* Release */,
			);
			defaultConfigurationIsVisible = 0;
			defaultConfigurationName = Release;
		};
/* End XCConfigurationList section */
	};
	rootObject = 069999711CD8E9E900E74DAD /* Project object */;
}
